
Microsoft Visual Studio Solution File, Format Version 12.00
# Visual Studio Version 16
VisualStudioVersion = 16.0.31727.386
MinimumVisualStudioVersion = 10.0.40219.1
Project("{FAE04EC0-301F-11D3-BF4B-00C04F79EFBC}") = "Dictionary Beta 1", "Dictionary Beta 1\Dictionary Beta 1.csproj", "{B9130AA5-8457-406D-8044-A7392D6459C2}"
EndProject
Global
	GlobalSection(SolutionConfigurationPlatforms) = preSolution
		Debug|Any CPU = Debug|Any CPU
		Release|Any CPU = Release|Any CPU
	EndGlobalSection
	GlobalSection(ProjectConfigurationPlatforms) = postSolution
		{B9130AA5-8457-406D-8044-A7392D6459C2}.Debug|Any CPU.ActiveCfg = Debug|Any CPU
		{B9130AA5-8457-406D-8044-A7392D6459C2}.Debug|Any CPU.Build.0 = Debug|Any CPU
		{B9130AA5-8457-406D-8044-A7392D6459C2}.Release|Any CPU.ActiveCfg = Release|Any CPU
		{B9130AA5-8457-406D-8044-A7392D6459C2}.Release|Any CPU.Build.0 = Release|Any CPU
	EndGlobalSection
	GlobalSection(SolutionProperties) = preSolution
		HideSolutionNode = FALSE
	EndGlobalSection
	GlobalSection(ExtensibilityGlobals) = postSolution
		SolutionGuid = {AE5D9E2B-D673-479B-B477-E29DD7BB56EB}
	EndGlobalSection
EndGlobal
